{
  "nodes": {
    "disko": {
      "inputs": {
        "nixpkgs": "nixpkgs"
      },
      "locked": {
        "lastModified": 1738765162,
        "narHash": "sha256-3Z40qHaFScWUCVQrGc4Y+RdoPsh1R/wIh+AN4cTXP0I=",
        "owner": "nix-community",
        "repo": "disko",
        "rev": "ff3568858c54bd306e9e1f2886f0f781df307dff",
        "type": "github"
      },
      "original": {
        "owner": "nix-community",
        "repo": "disko",
        "type": "github"
      }
    },
    "flatpaks": {
      "locked": {
        "lastModified": 1738175805,
        "narHash": "sha256-fPjaARmK522JLJ7wxFebxG4eE/3HHSmuAA78iAZ+A7g=",
        "owner": "gmodena",
        "repo": "nix-flatpak",
        "rev": "d4c75a33c4a7a16bf87cfd804fb5444a1ec53d49",
        "type": "github"
      },
      "original": {
        "owner": "gmodena",
        "ref": "main",
        "repo": "nix-flatpak",
        "type": "github"
      }
    },
    "home-manager": {
      "inputs": {
        "nixpkgs": [
          "nixpkgs-unstable"
        ]
      },
      "locked": {
        "lastModified": 1736373539,
        "narHash": "sha256-dinzAqCjenWDxuy+MqUQq0I4zUSfaCvN9rzuCmgMZJY=",
        "owner": "nix-community",
        "repo": "home-manager",
        "rev": "bd65bc3cde04c16755955630b344bc9e35272c56",
        "type": "github"
      },
      "original": {
        "owner": "nix-community",
        "ref": "release-24.11",
        "repo": "home-manager",
        "type": "github"
      }
    },
    "nixos-grub-themes": {
      "inputs": {
        "nixpkgs": "nixpkgs_2"
      },
      "locked": {
        "lastModified": 1720290504,
        "narHash": "sha256-QeIUxy0XJtp8SPes/TdDxzHCl96rgwYhX9kd65rIZ2s=",
        "owner": "jeslie0",
        "repo": "nixos-grub-themes",
        "rev": "781c410c3522fc62a99206a6c3e8469a5fc90a01",
        "type": "github"
      },
      "original": {
        "owner": "jeslie0",
        "repo": "nixos-grub-themes",
        "type": "github"
      }
    },
    "nixos-hardware": {
      "locked": {
        "lastModified": 1738816619,
        "narHash": "sha256-5yRlg48XmpcX5b5HesdGMOte+YuCy9rzQkJz+imcu6I=",
        "owner": "NixOS",
        "repo": "nixos-hardware",
        "rev": "2eccff41bab80839b1d25b303b53d339fbb07087",
        "type": "github"
      },
      "original": {
        "owner": "NixOS",
        "ref": "master",
        "repo": "nixos-hardware",
        "type": "github"
      }
    },
    "nixpkgs": {
      "locked": {
        "lastModified": 1737879851,
        "narHash": "sha256-H+FXIKj//kmFHTTW4DFeOjR7F1z2/3eb2iwN6Me4YZk=",
        "owner": "NixOS",
        "repo": "nixpkgs",
        "rev": "5d3221fd57cc442a1a522a15eb5f58230f45a304",
        "type": "github"
      },
      "original": {
        "owner": "NixOS",
        "ref": "nixpkgs-unstable",
        "repo": "nixpkgs",
        "type": "github"
      }
    },
    "nixpkgs-unstable": {
      "locked": {
        "lastModified": 1738961098,
        "narHash": "sha256-yWNBf6VDW38tl179FEuJ0qukthVfB02kv+mRsfUsWC0=",
        "owner": "nixos",
        "repo": "nixpkgs",
        "rev": "a3eaf5e8eca7cab680b964138fb79073704aca75",
        "type": "github"
      },
      "original": {
        "owner": "nixos",
        "ref": "nixos-unstable",
        "repo": "nixpkgs",
        "type": "github"
      }
    },
    "nixpkgs_2": {
      "locked": {
        "lastModified": 1702151865,
        "narHash": "sha256-9VAt19t6yQa7pHZLDbil/QctAgVsA66DLnzdRGqDisg=",
        "owner": "nixos",
        "repo": "nixpkgs",
        "rev": "666fc80e7b2afb570462423cb0e1cf1a3a34fedd",
        "type": "github"
      },
      "original": {
        "owner": "nixos",
        "ref": "nixos-unstable",
        "repo": "nixpkgs",
        "type": "github"
      }
    },
    "nixpkgs_3": {
      "locked": {
        "lastModified": 1738843498,
        "narHash": "sha256-7x+Q4xgFj9UxZZO9aUDCR8h4vyYut4zPUvfj3i+jBHE=",
        "owner": "nixos",
        "repo": "nixpkgs",
        "rev": "f5a32fa27df91dfc4b762671a0e0a859a8a0058f",
        "type": "github"
      },
      "original": {
        "owner": "nixos",
        "ref": "nixos-24.11",
        "repo": "nixpkgs",
        "type": "github"
      }
    },
    "root": {
      "inputs": {
        "disko": "disko",
        "flatpaks": "flatpaks",
        "home-manager": "home-manager",
        "nixos-grub-themes": "nixos-grub-themes",
        "nixos-hardware": "nixos-hardware",
        "nixpkgs": "nixpkgs_3",
        "nixpkgs-unstable": "nixpkgs-unstable",
        "sops-nix": "sops-nix",
        "sops-secrets": "sops-secrets"
      }
    },
    "sops-nix": {
      "inputs": {
        "nixpkgs": [
          "nixpkgs"
        ]
      },
      "locked": {
        "lastModified": 1738291974,
        "narHash": "sha256-wkwYJc8cKmmQWUloyS9KwttBnja2ONRuJQDEsmef320=",
        "owner": "Mic92",
        "repo": "sops-nix",
        "rev": "4c1251904d8a08c86ac6bc0d72cc09975e89aef7",
        "type": "github"
      },
      "original": {
        "owner": "Mic92",
        "repo": "sops-nix",
        "type": "github"
      }
    },
    "sops-secrets": {
      "flake": false,
      "locked": {
        "lastModified": 1738462210,
        "narHash": "sha256-+B5Vx5Xf4ReqsNIUuAebBAtugv8zJp1yGlYoIHFj6eE=",
        "ref": "main",
        "rev": "0f53d1e80370a0cc3c963937276fa70ae6c72634",
        "shallow": true,
        "type": "git",
        "url": "ssh://git@github.com/NickRI/nix-secrets.git"
      },
      "original": {
        "ref": "main",
        "shallow": true,
        "type": "git",
        "url": "ssh://git@github.com/NickRI/nix-secrets.git"
      }
    }
  },
  "root": "root",
  "version": 7
}
